{
  "name": "udemyplaywright",
  "version": "1.0.0",
  "lockfileVersion": 1,
  "requires": true,
  "dependencies": {
    "@playwright/test": {
      "version": "1.39.0",
      "resolved": "https://registry.npmjs.org/@playwright/test/-/test-1.39.0.tgz",
      "integrity": "sha512-3u1iFqgzl7zr004bGPYiN/5EZpRUSFddQBra8Rqll5N0/vfpqlP9I9EXqAoGacuAbX6c9Ulg/Cjqglp5VkK6UQ==",
      "requires": {
        "playwright": "1.39.0"
      }
    },
    "fsevents": {
      "version": "2.3.2",
      "resolved": "https://registry.npmjs.org/fsevents/-/fsevents-2.3.2.tgz",
      "integrity": "sha512-xiqMQR4xAeHTuB9uWm+fFRcIOgKBMiOBP+eXiyT7jsgVCq1bkVygt00oASowB7EdtpOHaaPgKt812P9ab+DDKA==",
      "optional": true
    },
    "playwright": {
      "version": "1.39.0",
      "resolved": "https://registry.npmjs.org/playwright/-/playwright-1.39.0.tgz",
      "integrity": "sha512-naE5QT11uC/Oiq0BwZ50gDmy8c8WLPRTEWuSSFVG2egBka/1qMoSqYQcROMT9zLwJ86oPofcTH2jBY/5wWOgIw==",
      "requires": {
        "fsevents": "2.3.2",
        "playwright-core": "1.39.0"
      }
    },
    "playwright-core": {
      "version": "1.39.0",
      "resolved": "https://registry.npmjs.org/playwright-core/-/playwright-core-1.39.0.tgz",
      "integrity": "sha512-+k4pdZgs1qiM+OUkSjx96YiKsXsmb59evFoqv8SKO067qBA+Z2s/dCzJij/ZhdQcs2zlTAgRKfeiiLm8PQ2qvw=="
    },
    "prettier": {
      "version": "2.5.1",
      "resolved": "https://registry.npmjs.org/prettier/-/prettier-2.5.1.tgz",
      "integrity": "sha512-vBZcPRUR5MZJwoyi3ZoyQlc1rXeEck8KgeC9AwwOn+exuxLxq5toTRDTSaVrXHxelDMHy9zlicw8u66yxoSUFg=="
    }
  }
}
