{
  "name": "udemyplaywright",
  "version": "1.0.0",
  "lockfileVersion": 1,
  "requires": true,
  "dependencies": {
    "@playwright/test": {
      "version": "1.22.0",
      "resolved": "https://registry.npmjs.org/@playwright/test/-/test-1.22.0.tgz",
      "integrity": "sha512-ExcAjiECo3uTG5Sl5H4a7rKp/5TEHTI87dv9NHYEoUFuOHPhSVxB7QsuM70ktO+wTTZ9KzhwzcegxAGRmUFKEA==",
      "requires": {
        "playwright-core": "1.22.0"
      }
    },
    "playwright-core": {
      "version": "1.22.0",
      "resolved": "https://registry.npmjs.org/playwright-core/-/playwright-core-1.22.0.tgz",
      "integrity": "sha512-XnDPiV4NCzTtXWxQdyJ6Wg8xhST3ciUjt5mITaxoqOoYggmRtofKm0PXLehfbetXh2ppPYj5U8UhtUpdIE4wag=="
    },
    "prettier": {
      "version": "2.5.1",
      "resolved": "https://registry.npmjs.org/prettier/-/prettier-2.5.1.tgz",
      "integrity": "sha512-vBZcPRUR5MZJwoyi3ZoyQlc1rXeEck8KgeC9AwwOn+exuxLxq5toTRDTSaVrXHxelDMHy9zlicw8u66yxoSUFg=="
    }
  }
}
